
Microsoft Visual Studio Solution File, Format Version 12.00
# Visual Studio Version 16
VisualStudioVersion = 16.0.32602.291
MinimumVisualStudioVersion = 10.0.40219.1
Project("{FAE04EC0-301F-11D3-BF4B-00C04F79EFBC}") = "Expense_Tracking.UWP", "Expense_Tracking\Expense_Tracking.UWP\Expense_Tracking.UWP.csproj", "{A137D40C-7EF8-43D5-A2DD-D0CAF68C561F}"
EndProject
Project("{FAE04EC0-301F-11D3-BF4B-00C04F79EFBC}") = "Expense_Tracking.Android", "Expense_Tracking\Expense_Tracking.Android\Expense_Tracking.Android.csproj", "{CE164C66-1007-4A4E-9BD1-D01C3F74BF11}"
EndProject
Project("{FAE04EC0-301F-11D3-BF4B-00C04F79EFBC}") = "Expense_Tracking.iOS", "Expense_Tracking\Expense_Tracking.iOS\Expense_Tracking.iOS.csproj", "{06710B4E-F9FF-47CF-8B7D-D05036EDEC80}"
EndProject
Project("{FAE04EC0-301F-11D3-BF4B-00C04F79EFBC}") = "Expense_Tracking", "Expense_Tracking\Expense_Tracking\Expense_Tracking.csproj", "{C00EB7E2-2B33-467E-866E-545E6454742B}"
EndProject
Global
	GlobalSection(SolutionConfigurationPlatforms) = preSolution
		Debug|Any CPU = Debug|Any CPU
		Debug|ARM = Debug|ARM
		Debug|iPhone = Debug|iPhone
		Debug|iPhoneSimulator = Debug|iPhoneSimulator
		Debug|x64 = Debug|x64
		Debug|x86 = Debug|x86
		Release|Any CPU = Release|Any CPU
		Release|ARM = Release|ARM
		Release|iPhone = Release|iPhone
		Release|iPhoneSimulator = Release|iPhoneSimulator
		Release|x64 = Release|x64
		Release|x86 = Release|x86
	EndGlobalSection
	GlobalSection(ProjectConfigurationPlatforms) = postSolution
		{A137D40C-7EF8-43D5-A2DD-D0CAF68C561F}.Debug|Any CPU.ActiveCfg = Debug|x86
		{A137D40C-7EF8-43D5-A2DD-D0CAF68C561F}.Debug|Any CPU.Build.0 = Debug|x86
		{A137D40C-7EF8-43D5-A2DD-D0CAF68C561F}.Debug|Any CPU.Deploy.0 = Debug|x86
		{A137D40C-7EF8-43D5-A2DD-D0CAF68C561F}.Debug|ARM.ActiveCfg = Debug|ARM
		{A137D40C-7EF8-43D5-A2DD-D0CAF68C561F}.Debug|ARM.Build.0 = Debug|ARM
		{A137D40C-7EF8-43D5-A2DD-D0CAF68C561F}.Debug|ARM.Deploy.0 = Debug|ARM
		{A137D40C-7EF8-43D5-A2DD-D0CAF68C561F}.Debug|iPhone.ActiveCfg = Debug|x86
		{A137D40C-7EF8-43D5-A2DD-D0CAF68C561F}.Debug|iPhone.Build.0 = Debug|x86
		{A137D40C-7EF8-43D5-A2DD-D0CAF68C561F}.Debug|iPhone.Deploy.0 = Debug|x86
		{A137D40C-7EF8-43D5-A2DD-D0CAF68C561F}.Debug|iPhoneSimulator.ActiveCfg = Debug|x86
		{A137D40C-7EF8-43D5-A2DD-D0CAF68C561F}.Debug|iPhoneSimulator.Build.0 = Debug|x86
		{A137D40C-7EF8-43D5-A2DD-D0CAF68C561F}.Debug|iPhoneSimulator.Deploy.0 = Debug|x86
		{A137D40C-7EF8-43D5-A2DD-D0CAF68C561F}.Debug|x64.ActiveCfg = Debug|x64
		{A137D40C-7EF8-43D5-A2DD-D0CAF68C561F}.Debug|x64.Build.0 = Debug|x64
		{A137D40C-7EF8-43D5-A2DD-D0CAF68C561F}.Debug|x64.Deploy.0 = Debug|x64
		{A137D40C-7EF8-43D5-A2DD-D0CAF68C561F}.Debug|x86.ActiveCfg = Debug|x86
		{A137D40C-7EF8-43D5-A2DD-D0CAF68C561F}.Debug|x86.Build.0 = Debug|x86
		{A137D40C-7EF8-43D5-A2DD-D0CAF68C561F}.Debug|x86.Deploy.0 = Debug|x86
		{A137D40C-7EF8-43D5-A2DD-D0CAF68C561F}.Release|Any CPU.ActiveCfg = Release|x86
		{A137D40C-7EF8-43D5-A2DD-D0CAF68C561F}.Release|Any CPU.Build.0 = Release|x86
		{A137D40C-7EF8-43D5-A2DD-D0CAF68C561F}.Release|Any CPU.Deploy.0 = Release|x86
		{A137D40C-7EF8-43D5-A2DD-D0CAF68C561F}.Release|ARM.ActiveCfg = Release|ARM
		{A137D40C-7EF8-43D5-A2DD-D0CAF68C561F}.Release|ARM.Build.0 = Release|ARM
		{A137D40C-7EF8-43D5-A2DD-D0CAF68C561F}.Release|ARM.Deploy.0 = Release|ARM
		{A137D40C-7EF8-43D5-A2DD-D0CAF68C561F}.Release|iPhone.ActiveCfg = Release|x86
		{A137D40C-7EF8-43D5-A2DD-D0CAF68C561F}.Release|iPhone.Build.0 = Release|x86
		{A137D40C-7EF8-43D5-A2DD-D0CAF68C561F}.Release|iPhone.Deploy.0 = Release|x86
		{A137D40C-7EF8-43D5-A2DD-D0CAF68C561F}.Release|iPhoneSimulator.ActiveCfg = Release|x86
		{A137D40C-7EF8-43D5-A2DD-D0CAF68C561F}.Release|iPhoneSimulator.Build.0 = Release|x86
		{A137D40C-7EF8-43D5-A2DD-D0CAF68C561F}.Release|iPhoneSimulator.Deploy.0 = Release|x86
		{A137D40C-7EF8-43D5-A2DD-D0CAF68C561F}.Release|x64.ActiveCfg = Release|x64
		{A137D40C-7EF8-43D5-A2DD-D0CAF68C561F}.Release|x64.Build.0 = Release|x64
		{A137D40C-7EF8-43D5-A2DD-D0CAF68C561F}.Release|x64.Deploy.0 = Release|x64
		{A137D40C-7EF8-43D5-A2DD-D0CAF68C561F}.Release|x86.ActiveCfg = Release|x86
		{A137D40C-7EF8-43D5-A2DD-D0CAF68C561F}.Release|x86.Build.0 = Release|x86
		{A137D40C-7EF8-43D5-A2DD-D0CAF68C561F}.Release|x86.Deploy.0 = Release|x86
		{CE164C66-1007-4A4E-9BD1-D01C3F74BF11}.Debug|Any CPU.ActiveCfg = Debug|Any CPU
		{CE164C66-1007-4A4E-9BD1-D01C3F74BF11}.Debug|Any CPU.Build.0 = Debug|Any CPU
		{CE164C66-1007-4A4E-9BD1-D01C3F74BF11}.Debug|Any CPU.Deploy.0 = Debug|Any CPU
		{CE164C66-1007-4A4E-9BD1-D01C3F74BF11}.Debug|ARM.ActiveCfg = Debug|Any CPU
		{CE164C66-1007-4A4E-9BD1-D01C3F74BF11}.Debug|ARM.Build.0 = Debug|Any CPU
		{CE164C66-1007-4A4E-9BD1-D01C3F74BF11}.Debug|ARM.Deploy.0 = Debug|Any CPU
		{CE164C66-1007-4A4E-9BD1-D01C3F74BF11}.Debug|iPhone.ActiveCfg = Debug|Any CPU
		{CE164C66-1007-4A4E-9BD1-D01C3F74BF11}.Debug|iPhone.Build.0 = Debug|Any CPU
		{CE164C66-1007-4A4E-9BD1-D01C3F74BF11}.Debug|iPhone.Deploy.0 = Debug|Any CPU
		{CE164C66-1007-4A4E-9BD1-D01C3F74BF11}.Debug|iPhoneSimulator.ActiveCfg = Debug|Any CPU
		{CE164C66-1007-4A4E-9BD1-D01C3F74BF11}.Debug|iPhoneSimulator.Build.0 = Debug|Any CPU
		{CE164C66-1007-4A4E-9BD1-D01C3F74BF11}.Debug|iPhoneSimulator.Deploy.0 = Debug|Any CPU
		{CE164C66-1007-4A4E-9BD1-D01C3F74BF11}.Debug|x64.ActiveCfg = Debug|Any CPU
		{CE164C66-1007-4A4E-9BD1-D01C3F74BF11}.Debug|x64.Build.0 = Debug|Any CPU
		{CE164C66-1007-4A4E-9BD1-D01C3F74BF11}.Debug|x64.Deploy.0 = Debug|Any CPU
		{CE164C66-1007-4A4E-9BD1-D01C3F74BF11}.Debug|x86.ActiveCfg = Debug|Any CPU
		{CE164C66-1007-4A4E-9BD1-D01C3F74BF11}.Debug|x86.Build.0 = Debug|Any CPU
		{CE164C66-1007-4A4E-9BD1-D01C3F74BF11}.Debug|x86.Deploy.0 = Debug|Any CPU
		{CE164C66-1007-4A4E-9BD1-D01C3F74BF11}.Release|Any CPU.ActiveCfg = Release|Any CPU
		{CE164C66-1007-4A4E-9BD1-D01C3F74BF11}.Release|Any CPU.Build.0 = Release|Any CPU
		{CE164C66-1007-4A4E-9BD1-D01C3F74BF11}.Release|Any CPU.Deploy.0 = Release|Any CPU
		{CE164C66-1007-4A4E-9BD1-D01C3F74BF11}.Release|ARM.ActiveCfg = Release|Any CPU
		{CE164C66-1007-4A4E-9BD1-D01C3F74BF11}.Release|ARM.Build.0 = Release|Any CPU
		{CE164C66-1007-4A4E-9BD1-D01C3F74BF11}.Release|ARM.Deploy.0 = Release|Any CPU
		{CE164C66-1007-4A4E-9BD1-D01C3F74BF11}.Release|iPhone.ActiveCfg = Release|Any CPU
		{CE164C66-1007-4A4E-9BD1-D01C3F74BF11}.Release|iPhone.Build.0 = Release|Any CPU
		{CE164C66-1007-4A4E-9BD1-D01C3F74BF11}.Release|iPhone.Deploy.0 = Release|Any CPU
		{CE164C66-1007-4A4E-9BD1-D01C3F74BF11}.Release|iPhoneSimulator.ActiveCfg = Release|Any CPU
		{CE164C66-1007-4A4E-9BD1-D01C3F74BF11}.Release|iPhoneSimulator.Build.0 = Release|Any CPU
		{CE164C66-1007-4A4E-9BD1-D01C3F74BF11}.Release|iPhoneSimulator.Deploy.0 = Release|Any CPU
		{CE164C66-1007-4A4E-9BD1-D01C3F74BF11}.Release|x64.ActiveCfg = Release|Any CPU
		{CE164C66-1007-4A4E-9BD1-D01C3F74BF11}.Release|x64.Build.0 = Release|Any CPU
		{CE164C66-1007-4A4E-9BD1-D01C3F74BF11}.Release|x64.Deploy.0 = Release|Any CPU
		{CE164C66-1007-4A4E-9BD1-D01C3F74BF11}.Release|x86.ActiveCfg = Release|Any CPU
		{CE164C66-1007-4A4E-9BD1-D01C3F74BF11}.Release|x86.Build.0 = Release|Any CPU
		{CE164C66-1007-4A4E-9BD1-D01C3F74BF11}.Release|x86.Deploy.0 = Release|Any CPU
		{06710B4E-F9FF-47CF-8B7D-D05036EDEC80}.Debug|Any CPU.ActiveCfg = Debug|iPhoneSimulator
		{06710B4E-F9FF-47CF-8B7D-D05036EDEC80}.Debug|Any CPU.Build.0 = Debug|iPhoneSimulator
		{06710B4E-F9FF-47CF-8B7D-D05036EDEC80}.Debug|Any CPU.Deploy.0 = Debug|iPhoneSimulator
		{06710B4E-F9FF-47CF-8B7D-D05036EDEC80}.Debug|ARM.ActiveCfg = Debug|iPhone
		{06710B4E-F9FF-47CF-8B7D-D05036EDEC80}.Debug|ARM.Build.0 = Debug|iPhone
		{06710B4E-F9FF-47CF-8B7D-D05036EDEC80}.Debug|ARM.Deploy.0 = Debug|iPhone
		{06710B4E-F9FF-47CF-8B7D-D05036EDEC80}.Debug|iPhone.ActiveCfg = Debug|iPhone
		{06710B4E-F9FF-47CF-8B7D-D05036EDEC80}.Debug|iPhone.Build.0 = Debug|iPhone
		{06710B4E-F9FF-47CF-8B7D-D05036EDEC80}.Debug|iPhone.Deploy.0 = Debug|iPhone
		{06710B4E-F9FF-47CF-8B7D-D05036EDEC80}.Debug|iPhoneSimulator.ActiveCfg = Debug|iPhoneSimulator
		{06710B4E-F9FF-47CF-8B7D-D05036EDEC80}.Debug|iPhoneSimulator.Build.0 = Debug|iPhoneSimulator
		{06710B4E-F9FF-47CF-8B7D-D05036EDEC80}.Debug|iPhoneSimulator.Deploy.0 = Debug|iPhoneSimulator
		{06710B4E-F9FF-47CF-8B7D-D05036EDEC80}.Debug|x64.ActiveCfg = Debug|iPhoneSimulator
		{06710B4E-F9FF-47CF-8B7D-D05036EDEC80}.Debug|x64.Build.0 = Debug|iPhoneSimulator
		{06710B4E-F9FF-47CF-8B7D-D05036EDEC80}.Debug|x64.Deploy.0 = Debug|iPhoneSimulator
		{06710B4E-F9FF-47CF-8B7D-D05036EDEC80}.Debug|x86.ActiveCfg = Debug|iPhoneSimulator
		{06710B4E-F9FF-47CF-8B7D-D05036EDEC80}.Debug|x86.Build.0 = Debug|iPhoneSimulator
		{06710B4E-F9FF-47CF-8B7D-D05036EDEC80}.Debug|x86.Deploy.0 = Debug|iPhoneSimulator
		{06710B4E-F9FF-47CF-8B7D-D05036EDEC80}.Release|Any CPU.ActiveCfg = Release|iPhoneSimulator
		{06710B4E-F9FF-47CF-8B7D-D05036EDEC80}.Release|Any CPU.Build.0 = Release|iPhoneSimulator
		{06710B4E-F9FF-47CF-8B7D-D05036EDEC80}.Release|Any CPU.Deploy.0 = Release|iPhoneSimulator
		{06710B4E-F9FF-47CF-8B7D-D05036EDEC80}.Release|ARM.ActiveCfg = Release|iPhoneSimulator
		{06710B4E-F9FF-47CF-8B7D-D05036EDEC80}.Release|ARM.Build.0 = Release|iPhoneSimulator
		{06710B4E-F9FF-47CF-8B7D-D05036EDEC80}.Release|ARM.Deploy.0 = Release|iPhoneSimulator
		{06710B4E-F9FF-47CF-8B7D-D05036EDEC80}.Release|iPhone.ActiveCfg = Release|iPhone
		{06710B4E-F9FF-47CF-8B7D-D05036EDEC80}.Release|iPhone.Build.0 = Release|iPhone
		{06710B4E-F9FF-47CF-8B7D-D05036EDEC80}.Release|iPhone.Deploy.0 = Release|iPhone
		{06710B4E-F9FF-47CF-8B7D-D05036EDEC80}.Release|iPhoneSimulator.ActiveCfg = Release|iPhoneSimulator
		{06710B4E-F9FF-47CF-8B7D-D05036EDEC80}.Release|iPhoneSimulator.Build.0 = Release|iPhoneSimulator
		{06710B4E-F9FF-47CF-8B7D-D05036EDEC80}.Release|iPhoneSimulator.Deploy.0 = Release|iPhoneSimulator
		{06710B4E-F9FF-47CF-8B7D-D05036EDEC80}.Release|x64.ActiveCfg = Release|iPhoneSimulator
		{06710B4E-F9FF-47CF-8B7D-D05036EDEC80}.Release|x64.Build.0 = Release|iPhoneSimulator
		{06710B4E-F9FF-47CF-8B7D-D05036EDEC80}.Release|x64.Deploy.0 = Release|iPhoneSimulator
		{06710B4E-F9FF-47CF-8B7D-D05036EDEC80}.Release|x86.ActiveCfg = Release|iPhoneSimulator
		{06710B4E-F9FF-47CF-8B7D-D05036EDEC80}.Release|x86.Build.0 = Release|iPhoneSimulator
		{06710B4E-F9FF-47CF-8B7D-D05036EDEC80}.Release|x86.Deploy.0 = Release|iPhoneSimulator
		{C00EB7E2-2B33-467E-866E-545E6454742B}.Debug|Any CPU.ActiveCfg = Debug|Any CPU
		{C00EB7E2-2B33-467E-866E-545E6454742B}.Debug|Any CPU.Build.0 = Debug|Any CPU
		{C00EB7E2-2B33-467E-866E-545E6454742B}.Debug|Any CPU.Deploy.0 = Debug|Any CPU
		{C00EB7E2-2B33-467E-866E-545E6454742B}.Debug|ARM.ActiveCfg = Debug|Any CPU
		{C00EB7E2-2B33-467E-866E-545E6454742B}.Debug|ARM.Build.0 = Debug|Any CPU
		{C00EB7E2-2B33-467E-866E-545E6454742B}.Debug|ARM.Deploy.0 = Debug|Any CPU
		{C00EB7E2-2B33-467E-866E-545E6454742B}.Debug|iPhone.ActiveCfg = Debug|Any CPU
		{C00EB7E2-2B33-467E-866E-545E6454742B}.Debug|iPhone.Build.0 = Debug|Any CPU
		{C00EB7E2-2B33-467E-866E-545E6454742B}.Debug|iPhone.Deploy.0 = Debug|Any CPU
		{C00EB7E2-2B33-467E-866E-545E6454742B}.Debug|iPhoneSimulator.ActiveCfg = Debug|Any CPU
		{C00EB7E2-2B33-467E-866E-545E6454742B}.Debug|iPhoneSimulator.Build.0 = Debug|Any CPU
		{C00EB7E2-2B33-467E-866E-545E6454742B}.Debug|iPhoneSimulator.Deploy.0 = Debug|Any CPU
		{C00EB7E2-2B33-467E-866E-545E6454742B}.Debug|x64.ActiveCfg = Debug|Any CPU
		{C00EB7E2-2B33-467E-866E-545E6454742B}.Debug|x64.Build.0 = Debug|Any CPU
		{C00EB7E2-2B33-467E-866E-545E6454742B}.Debug|x64.Deploy.0 = Debug|Any CPU
		{C00EB7E2-2B33-467E-866E-545E6454742B}.Debug|x86.ActiveCfg = Debug|Any CPU
		{C00EB7E2-2B33-467E-866E-545E6454742B}.Debug|x86.Build.0 = Debug|Any CPU
		{C00EB7E2-2B33-467E-866E-545E6454742B}.Debug|x86.Deploy.0 = Debug|Any CPU
		{C00EB7E2-2B33-467E-866E-545E6454742B}.Release|Any CPU.ActiveCfg = Release|Any CPU
		{C00EB7E2-2B33-467E-866E-545E6454742B}.Release|Any CPU.Build.0 = Release|Any CPU
		{C00EB7E2-2B33-467E-866E-545E6454742B}.Release|Any CPU.Deploy.0 = Release|Any CPU
		{C00EB7E2-2B33-467E-866E-545E6454742B}.Release|ARM.ActiveCfg = Release|Any CPU
		{C00EB7E2-2B33-467E-866E-545E6454742B}.Release|ARM.Build.0 = Release|Any CPU
		{C00EB7E2-2B33-467E-866E-545E6454742B}.Release|ARM.Deploy.0 = Release|Any CPU
		{C00EB7E2-2B33-467E-866E-545E6454742B}.Release|iPhone.ActiveCfg = Release|Any CPU
		{C00EB7E2-2B33-467E-866E-545E6454742B}.Release|iPhone.Build.0 = Release|Any CPU
		{C00EB7E2-2B33-467E-866E-545E6454742B}.Release|iPhone.Deploy.0 = Release|Any CPU
		{C00EB7E2-2B33-467E-866E-545E6454742B}.Release|iPhoneSimulator.ActiveCfg = Release|Any CPU
		{C00EB7E2-2B33-467E-866E-545E6454742B}.Release|iPhoneSimulator.Build.0 = Release|Any CPU
		{C00EB7E2-2B33-467E-866E-545E6454742B}.Release|iPhoneSimulator.Deploy.0 = Release|Any CPU
		{C00EB7E2-2B33-467E-866E-545E6454742B}.Release|x64.ActiveCfg = Release|Any CPU
		{C00EB7E2-2B33-467E-866E-545E6454742B}.Release|x64.Build.0 = Release|Any CPU
		{C00EB7E2-2B33-467E-866E-545E6454742B}.Release|x64.Deploy.0 = Release|Any CPU
		{C00EB7E2-2B33-467E-866E-545E6454742B}.Release|x86.ActiveCfg = Release|Any CPU
		{C00EB7E2-2B33-467E-866E-545E6454742B}.Release|x86.Build.0 = Release|Any CPU
		{C00EB7E2-2B33-467E-866E-545E6454742B}.Release|x86.Deploy.0 = Release|Any CPU
	EndGlobalSection
	GlobalSection(SolutionProperties) = preSolution
		HideSolutionNode = FALSE
	EndGlobalSection
	GlobalSection(ExtensibilityGlobals) = postSolution
		SolutionGuid = {640FAF42-828B-4992-BDC9-A3D76FECB87D}
	EndGlobalSection
EndGlobal
